
Microsoft Visual Studio Solution File, Format Version 12.00
# Visual Studio Version 17
VisualStudioVersion = 17.14.36408.4
MinimumVisualStudioVersion = 10.0.40219.1
Project("{FAE04EC0-301F-11D3-BF4B-00C04F79EFBC}") = "Swen3.API", "Backend\Swen3.API.csproj", "{C1461C7D-4EFD-4ED4-A51E-D0FE3EFB47BD}"
EndProject
Project("{2150E333-8FDC-42A3-9474-1A3956D46DE8}") = "Solution Items", "Solution Items", "{8EC462FD-D22E-90A8-E5CE-7E832BA40C5D}"
	ProjectSection(SolutionItems) = preProject
		.gitignore = .gitignore
		docker-compose.yml = docker-compose.yml
		README.md = README.md
		.github\workflows\main_pipeline.yml = .github\workflows\main_pipeline.yml
	EndProjectSection
EndProject
Project("{FAE04EC0-301F-11D3-BF4B-00C04F79EFBC}") = "Swen3Tests", "Swen3Tests\Swen3Tests.csproj", "{AF3895AD-F511-A91F-F834-5370A76DA3EE}"
EndProject
Global
	GlobalSection(SolutionConfigurationPlatforms) = preSolution
		Debug|Any CPU = Debug|Any CPU
		Release|Any CPU = Release|Any CPU
	EndGlobalSection
	GlobalSection(ProjectConfigurationPlatforms) = postSolution
		{C1461C7D-4EFD-4ED4-A51E-D0FE3EFB47BD}.Debug|Any CPU.ActiveCfg = Debug|Any CPU
		{C1461C7D-4EFD-4ED4-A51E-D0FE3EFB47BD}.Debug|Any CPU.Build.0 = Debug|Any CPU
		{C1461C7D-4EFD-4ED4-A51E-D0FE3EFB47BD}.Release|Any CPU.ActiveCfg = Release|Any CPU
		{C1461C7D-4EFD-4ED4-A51E-D0FE3EFB47BD}.Release|Any CPU.Build.0 = Release|Any CPU
		{AF3895AD-F511-A91F-F834-5370A76DA3EE}.Debug|Any CPU.ActiveCfg = Debug|Any CPU
		{AF3895AD-F511-A91F-F834-5370A76DA3EE}.Debug|Any CPU.Build.0 = Debug|Any CPU
		{AF3895AD-F511-A91F-F834-5370A76DA3EE}.Release|Any CPU.ActiveCfg = Release|Any CPU
		{AF3895AD-F511-A91F-F834-5370A76DA3EE}.Release|Any CPU.Build.0 = Release|Any CPU
	EndGlobalSection
	GlobalSection(SolutionProperties) = preSolution
		HideSolutionNode = FALSE
	EndGlobalSection
	GlobalSection(ExtensibilityGlobals) = postSolution
		SolutionGuid = {53C419D5-EEC8-4AC3-9DDD-19AF508738E6}
	EndGlobalSection
EndGlobal
